{
  "version": 4,
  "terraform_version": "1.6.4",
  "serial": 5,
  "lineage": "0a9dee17-8b95-9cb9-fd86-47e9a0e591cd",
  "outputs": {},
  "resources": [
    {
      "mode": "managed",
      "type": "random_pet",
      "name": "bucket",
      "provider": "provider[\"registry.terraform.io/hashicorp/random\"]",
      "instances": [
        {
          "schema_version": 0,
          "attributes": {
            "id": "moderately-deadly-ghastly-adjusted-caribou",
            "keepers": null,
            "length": 5,
            "prefix": null,
            "separator": "-"
          },
          "sensitive_attributes": []
        }
      ]
    }
  ],
  "check_results": null
}
